{
  "lockfile-version": 1,
  "manifest": {
    "version": 1,
    "install": {
      "nodejs": {
        "pkg-path": "nodejs",
        "pkg-group": null,
        "priority": null,
        "version": "20.15.1",
        "systems": null
      }
    },
    "vars": {},
    "hook": {
      "on-activate": "  # Autogenerated by Flox\n\n  # Install nodejs depedencies\n  pnpm install\n\n  # End autogenerated by Flox\n"
    },
    "profile": {
      "common": null,
      "bash": null,
      "zsh": null,
      "fish": null,
      "tcsh": null
    },
    "options": {
      "systems": [
        "aarch64-darwin",
        "aarch64-linux",
        "x86_64-darwin",
        "x86_64-linux"
      ],
      "allow": {
        "unfree": null,
        "broken": null,
        "licenses": []
      },
      "semver": {
        "allow-pre-releases": null
      }
    }
  },
  "packages": [
    {
      "attr_path": "nodejs",
      "broken": false,
      "derivation": "/nix/store/g0fka5b4n2z08k4m61bgkw11biy9g433-nodejs-20.15.1.drv",
      "description": "Event-driven I/O framework for the V8 JavaScript engine",
      "install_id": "nodejs",
      "license": "MIT",
      "locked_url": "https://github.com/flox/nixpkgs?rev=a58bc8ad779655e790115244571758e8de055e3d",
      "name": "nodejs-20.15.1",
      "pname": "nodejs",
      "rev": "a58bc8ad779655e790115244571758e8de055e3d",
      "rev_count": 665011,
      "rev_date": "2024-08-11T07:55:43Z",
      "scrape_date": "2024-08-14T02:08:40Z",
      "stabilities": [
        "unstable"
      ],
      "unfree": false,
      "version": "20.15.1",
      "outputs_to_install": [
        "out"
      ],
      "outputs": {
        "libv8": "/nix/store/zbyfi027sdvnxgrzqgallrmyzzifzkh5-nodejs-20.15.1-libv8",
        "out": "/nix/store/pnz462fx615nhm9lavm25gvhl6q2rjhr-nodejs-20.15.1"
      },
      "system": "aarch64-darwin",
      "group": "toplevel",
      "priority": 5
    },
    {
      "attr_path": "nodejs",
      "broken": false,
      "derivation": "/nix/store/zm9zsz4zg9f0rlkml4c6j3yznyjb3y11-nodejs-20.15.1.drv",
      "description": "Event-driven I/O framework for the V8 JavaScript engine",
      "install_id": "nodejs",
      "license": "MIT",
      "locked_url": "https://github.com/flox/nixpkgs?rev=a58bc8ad779655e790115244571758e8de055e3d",
      "name": "nodejs-20.15.1",
      "pname": "nodejs",
      "rev": "a58bc8ad779655e790115244571758e8de055e3d",
      "rev_count": 665011,
      "rev_date": "2024-08-11T07:55:43Z",
      "scrape_date": "2024-08-14T02:08:40Z",
      "stabilities": [
        "unstable"
      ],
      "unfree": false,
      "version": "20.15.1",
      "outputs_to_install": [
        "out"
      ],
      "outputs": {
        "libv8": "/nix/store/hjmd0akk51ngf69cyam19ibwc536mnnp-nodejs-20.15.1-libv8",
        "out": "/nix/store/igqd6ci0dbhq2lbvb9hd47fzbsb1vp55-nodejs-20.15.1"
      },
      "system": "aarch64-linux",
      "group": "toplevel",
      "priority": 5
    },
    {
      "attr_path": "nodejs",
      "broken": false,
      "derivation": "/nix/store/fr0b2ck1cwl7sfikrzn29q3wf3jh933b-nodejs-20.15.1.drv",
      "description": "Event-driven I/O framework for the V8 JavaScript engine",
      "install_id": "nodejs",
      "license": "MIT",
      "locked_url": "https://github.com/flox/nixpkgs?rev=a58bc8ad779655e790115244571758e8de055e3d",
      "name": "nodejs-20.15.1",
      "pname": "nodejs",
      "rev": "a58bc8ad779655e790115244571758e8de055e3d",
      "rev_count": 665011,
      "rev_date": "2024-08-11T07:55:43Z",
      "scrape_date": "2024-08-14T02:08:40Z",
      "stabilities": [
        "unstable"
      ],
      "unfree": false,
      "version": "20.15.1",
      "outputs_to_install": [
        "out"
      ],
      "outputs": {
        "libv8": "/nix/store/nqlxmp8hgy061m0xv9ivaplln1824kk1-nodejs-20.15.1-libv8",
        "out": "/nix/store/j4zrbdvppwxvvwnz5rk59qgv5f4077d0-nodejs-20.15.1"
      },
      "system": "x86_64-darwin",
      "group": "toplevel",
      "priority": 5
    },
    {
      "attr_path": "nodejs",
      "broken": false,
      "derivation": "/nix/store/bk4s3ikm26m6q6bn4sz7xfppqgpqqpil-nodejs-20.15.1.drv",
      "description": "Event-driven I/O framework for the V8 JavaScript engine",
      "install_id": "nodejs",
      "license": "MIT",
      "locked_url": "https://github.com/flox/nixpkgs?rev=a58bc8ad779655e790115244571758e8de055e3d",
      "name": "nodejs-20.15.1",
      "pname": "nodejs",
      "rev": "a58bc8ad779655e790115244571758e8de055e3d",
      "rev_count": 665011,
      "rev_date": "2024-08-11T07:55:43Z",
      "scrape_date": "2024-08-14T02:08:40Z",
      "stabilities": [
        "unstable"
      ],
      "unfree": false,
      "version": "20.15.1",
      "outputs_to_install": [
        "out"
      ],
      "outputs": {
        "libv8": "/nix/store/amm162s6dwgsf0mj8j7i1h5f8n9ph2k0-nodejs-20.15.1-libv8",
        "out": "/nix/store/zxa7qi0264hzsnf2bbyvrql5wy4fiy8j-nodejs-20.15.1"
      },
      "system": "x86_64-linux",
      "group": "toplevel",
      "priority": 5
    }
  ]
}